
Microsoft Visual Studio Solution File, Format Version 12.00
# Visual Studio Version 16
VisualStudioVersion = 16.0.31424.327
MinimumVisualStudioVersion = 10.0.40219.1
Project("{FAE04EC0-301F-11D3-BF4B-00C04F79EFBC}") = "ePOSClientSyncService", "ePOSClientSyncService\ePOSClientSyncService.csproj", "{77FCA154-4FD1-47E8-BF66-32D4A3FD95C3}"
EndProject
Global
	GlobalSection(SolutionConfigurationPlatforms) = preSolution
		Debug|Any CPU = Debug|Any CPU
		Release|Any CPU = Release|Any CPU
	EndGlobalSection
	GlobalSection(ProjectConfigurationPlatforms) = postSolution
		{77FCA154-4FD1-47E8-BF66-32D4A3FD95C3}.Debug|Any CPU.ActiveCfg = Debug|Any CPU
		{77FCA154-4FD1-47E8-BF66-32D4A3FD95C3}.Debug|Any CPU.Build.0 = Debug|Any CPU
		{77FCA154-4FD1-47E8-BF66-32D4A3FD95C3}.Release|Any CPU.ActiveCfg = Release|Any CPU
		{77FCA154-4FD1-47E8-BF66-32D4A3FD95C3}.Release|Any CPU.Build.0 = Release|Any CPU
	EndGlobalSection
	GlobalSection(SolutionProperties) = preSolution
		HideSolutionNode = FALSE
	EndGlobalSection
	GlobalSection(ExtensibilityGlobals) = postSolution
		SolutionGuid = {6766C9E1-D727-4D25-8687-BEB279ACA5ED}
	EndGlobalSection
EndGlobal
