
Microsoft Visual Studio Solution File, Format Version 12.00
# Visual Studio Version 16
VisualStudioVersion = 16.0.30803.129
MinimumVisualStudioVersion = 10.0.40219.1
Project("{FAE04EC0-301F-11D3-BF4B-00C04F79EFBC}") = "eModels", "eModels\eModels.csproj", "{6458BAAB-5B96-4FE5-A91C-D612AF1A7C5A}"
EndProject
Global
	GlobalSection(SolutionConfigurationPlatforms) = preSolution
		Debug|Any CPU = Debug|Any CPU
		Release|Any CPU = Release|Any CPU
	EndGlobalSection
	GlobalSection(ProjectConfigurationPlatforms) = postSolution
		{6458BAAB-5B96-4FE5-A91C-D612AF1A7C5A}.Debug|Any CPU.ActiveCfg = Debug|Any CPU
		{6458BAAB-5B96-4FE5-A91C-D612AF1A7C5A}.Debug|Any CPU.Build.0 = Debug|Any CPU
		{6458BAAB-5B96-4FE5-A91C-D612AF1A7C5A}.Release|Any CPU.ActiveCfg = Release|Any CPU
		{6458BAAB-5B96-4FE5-A91C-D612AF1A7C5A}.Release|Any CPU.Build.0 = Release|Any CPU
	EndGlobalSection
	GlobalSection(SolutionProperties) = preSolution
		HideSolutionNode = FALSE
	EndGlobalSection
	GlobalSection(ExtensibilityGlobals) = postSolution
		SolutionGuid = {4C1557C5-8D5D-43E0-A579-7A1D9C90BF31}
	EndGlobalSection
EndGlobal
