
Microsoft Visual Studio Solution File, Format Version 12.00
# Visual Studio Version 16
VisualStudioVersion = 16.0.30804.86
MinimumVisualStudioVersion = 10.0.40219.1
Project("{9A19103F-16F7-4668-BE54-9A1E7A4F7556}") = "eAdmin", "eAdmin\eAdmin.csproj", "{6B59FE02-4BCA-44A8-9864-808D377601D2}"
EndProject
Project("{9A19103F-16F7-4668-BE54-9A1E7A4F7556}") = "eModels", "..\eModels\eModels\eModels.csproj", "{F5D269D2-9785-418E-B5B3-C85CB488C8EA}"
EndProject
Project("{9A19103F-16F7-4668-BE54-9A1E7A4F7556}") = "eShareModel", "..\..\eShareModel\eShareModel\eShareModel.csproj", "{AEEBCBE8-3D35-4425-90A7-2E0AC9C2FFE8}"
EndProject
Global
	GlobalSection(SolutionConfigurationPlatforms) = preSolution
		Debug|Any CPU = Debug|Any CPU
		Release|Any CPU = Release|Any CPU
	EndGlobalSection
	GlobalSection(ProjectConfigurationPlatforms) = postSolution
		{6B59FE02-4BCA-44A8-9864-808D377601D2}.Debug|Any CPU.ActiveCfg = Debug|Any CPU
		{6B59FE02-4BCA-44A8-9864-808D377601D2}.Debug|Any CPU.Build.0 = Debug|Any CPU
		{6B59FE02-4BCA-44A8-9864-808D377601D2}.Release|Any CPU.ActiveCfg = Release|Any CPU
		{6B59FE02-4BCA-44A8-9864-808D377601D2}.Release|Any CPU.Build.0 = Release|Any CPU
		{F5D269D2-9785-418E-B5B3-C85CB488C8EA}.Debug|Any CPU.ActiveCfg = Debug|Any CPU
		{F5D269D2-9785-418E-B5B3-C85CB488C8EA}.Debug|Any CPU.Build.0 = Debug|Any CPU
		{F5D269D2-9785-418E-B5B3-C85CB488C8EA}.Release|Any CPU.ActiveCfg = Release|Any CPU
		{F5D269D2-9785-418E-B5B3-C85CB488C8EA}.Release|Any CPU.Build.0 = Release|Any CPU
		{AEEBCBE8-3D35-4425-90A7-2E0AC9C2FFE8}.Debug|Any CPU.ActiveCfg = Debug|Any CPU
		{AEEBCBE8-3D35-4425-90A7-2E0AC9C2FFE8}.Debug|Any CPU.Build.0 = Debug|Any CPU
		{AEEBCBE8-3D35-4425-90A7-2E0AC9C2FFE8}.Release|Any CPU.ActiveCfg = Release|Any CPU
		{AEEBCBE8-3D35-4425-90A7-2E0AC9C2FFE8}.Release|Any CPU.Build.0 = Release|Any CPU
	EndGlobalSection
	GlobalSection(SolutionProperties) = preSolution
		HideSolutionNode = FALSE
	EndGlobalSection
	GlobalSection(ExtensibilityGlobals) = postSolution
		SolutionGuid = {7DB27DFC-F202-4916-9A0D-5032383CBFD1}
	EndGlobalSection
EndGlobal
