
Microsoft Visual Studio Solution File, Format Version 12.00
# Visual Studio Version 16
VisualStudioVersion = 16.0.31410.223
MinimumVisualStudioVersion = 10.0.40219.1
Project("{9A19103F-16F7-4668-BE54-9A1E7A4F7556}") = "eAPI", "eAPI\eAPI.csproj", "{78B12276-7771-4D24-9EDF-B369B2D8057E}"
EndProject
Project("{9A19103F-16F7-4668-BE54-9A1E7A4F7556}") = "eModels", "..\eModels\eModels\eModels.csproj", "{FABBE433-F3CD-4180-A2E9-6096D7ECF59D}"
EndProject
Project("{9A19103F-16F7-4668-BE54-9A1E7A4F7556}") = "eShareModel", "..\..\eShareModel\eShareModel\eShareModel.csproj", "{4F078017-8D33-4106-9D99-8B457CED4A93}"
EndProject
Global
	GlobalSection(SolutionConfigurationPlatforms) = preSolution
		Debug|Any CPU = Debug|Any CPU
		Release|Any CPU = Release|Any CPU
	EndGlobalSection
	GlobalSection(ProjectConfigurationPlatforms) = postSolution
		{78B12276-7771-4D24-9EDF-B369B2D8057E}.Debug|Any CPU.ActiveCfg = Debug|Any CPU
		{78B12276-7771-4D24-9EDF-B369B2D8057E}.Debug|Any CPU.Build.0 = Debug|Any CPU
		{78B12276-7771-4D24-9EDF-B369B2D8057E}.Release|Any CPU.ActiveCfg = Release|Any CPU
		{78B12276-7771-4D24-9EDF-B369B2D8057E}.Release|Any CPU.Build.0 = Release|Any CPU
		{FABBE433-F3CD-4180-A2E9-6096D7ECF59D}.Debug|Any CPU.ActiveCfg = Debug|Any CPU
		{FABBE433-F3CD-4180-A2E9-6096D7ECF59D}.Debug|Any CPU.Build.0 = Debug|Any CPU
		{FABBE433-F3CD-4180-A2E9-6096D7ECF59D}.Release|Any CPU.ActiveCfg = Release|Any CPU
		{FABBE433-F3CD-4180-A2E9-6096D7ECF59D}.Release|Any CPU.Build.0 = Release|Any CPU
		{4F078017-8D33-4106-9D99-8B457CED4A93}.Debug|Any CPU.ActiveCfg = Debug|Any CPU
		{4F078017-8D33-4106-9D99-8B457CED4A93}.Debug|Any CPU.Build.0 = Debug|Any CPU
		{4F078017-8D33-4106-9D99-8B457CED4A93}.Release|Any CPU.ActiveCfg = Release|Any CPU
		{4F078017-8D33-4106-9D99-8B457CED4A93}.Release|Any CPU.Build.0 = Release|Any CPU
	EndGlobalSection
	GlobalSection(SolutionProperties) = preSolution
		HideSolutionNode = FALSE
	EndGlobalSection
	GlobalSection(ExtensibilityGlobals) = postSolution
		SolutionGuid = {70882806-919F-4C49-9573-971281C56FB4}
	EndGlobalSection
EndGlobal
